
Microsoft Visual Studio Solution File, Format Version 12.00
# Visual Studio Version 17
VisualStudioVersion = 17.14.36429.23 d17.14
MinimumVisualStudioVersion = 10.0.40219.1
Project("{FAE04EC0-301F-11D3-BF4B-00C04F79EFBC}") = "s1 Rectangle", "s1 Rectangle.csproj", "{CECB7718-3649-4127-8921-61E6019DE7C3}"
EndProject
Global
	GlobalSection(SolutionConfigurationPlatforms) = preSolution
		Debug|Any CPU = Debug|Any CPU
		Release|Any CPU = Release|Any CPU
	EndGlobalSection
	GlobalSection(ProjectConfigurationPlatforms) = postSolution
		{CECB7718-3649-4127-8921-61E6019DE7C3}.Debug|Any CPU.ActiveCfg = Debug|Any CPU
		{CECB7718-3649-4127-8921-61E6019DE7C3}.Debug|Any CPU.Build.0 = Debug|Any CPU
		{CECB7718-3649-4127-8921-61E6019DE7C3}.Release|Any CPU.ActiveCfg = Release|Any CPU
		{CECB7718-3649-4127-8921-61E6019DE7C3}.Release|Any CPU.Build.0 = Release|Any CPU
	EndGlobalSection
	GlobalSection(SolutionProperties) = preSolution
		HideSolutionNode = FALSE
	EndGlobalSection
	GlobalSection(ExtensibilityGlobals) = postSolution
		SolutionGuid = {15AE3DDF-D8D0-4891-8FCB-696728B58A13}
	EndGlobalSection
EndGlobal
