
Microsoft Visual Studio Solution File, Format Version 12.00
# Visual Studio Version 17
VisualStudioVersion = 17.14.36429.23 d17.14
MinimumVisualStudioVersion = 10.0.40219.1
Project("{FAE04EC0-301F-11D3-BF4B-00C04F79EFBC}") = "Meter data management system", "Meter data management system.csproj", "{4F90A590-E33C-42A7-AA41-C9D8F3D9B0FB}"
EndProject
Global
	GlobalSection(SolutionConfigurationPlatforms) = preSolution
		Debug|Any CPU = Debug|Any CPU
		Release|Any CPU = Release|Any CPU
	EndGlobalSection
	GlobalSection(ProjectConfigurationPlatforms) = postSolution
		{4F90A590-E33C-42A7-AA41-C9D8F3D9B0FB}.Debug|Any CPU.ActiveCfg = Debug|Any CPU
		{4F90A590-E33C-42A7-AA41-C9D8F3D9B0FB}.Debug|Any CPU.Build.0 = Debug|Any CPU
		{4F90A590-E33C-42A7-AA41-C9D8F3D9B0FB}.Release|Any CPU.ActiveCfg = Release|Any CPU
		{4F90A590-E33C-42A7-AA41-C9D8F3D9B0FB}.Release|Any CPU.Build.0 = Release|Any CPU
	EndGlobalSection
	GlobalSection(SolutionProperties) = preSolution
		HideSolutionNode = FALSE
	EndGlobalSection
	GlobalSection(ExtensibilityGlobals) = postSolution
		SolutionGuid = {34D8762A-65A2-4A2E-AABA-7B652604A6F5}
	EndGlobalSection
EndGlobal
