
Microsoft Visual Studio Solution File, Format Version 12.00
# Visual Studio Version 17
VisualStudioVersion = 17.14.36429.23 d17.14
MinimumVisualStudioVersion = 10.0.40219.1
Project("{FAE04EC0-301F-11D3-BF4B-00C04F79EFBC}") = "s1 oops", "s1 oops.csproj", "{525D89C5-202D-4158-A4E3-8AE25F308AB3}"
EndProject
Global
	GlobalSection(SolutionConfigurationPlatforms) = preSolution
		Debug|Any CPU = Debug|Any CPU
		Release|Any CPU = Release|Any CPU
	EndGlobalSection
	GlobalSection(ProjectConfigurationPlatforms) = postSolution
		{525D89C5-202D-4158-A4E3-8AE25F308AB3}.Debug|Any CPU.ActiveCfg = Debug|Any CPU
		{525D89C5-202D-4158-A4E3-8AE25F308AB3}.Debug|Any CPU.Build.0 = Debug|Any CPU
		{525D89C5-202D-4158-A4E3-8AE25F308AB3}.Release|Any CPU.ActiveCfg = Release|Any CPU
		{525D89C5-202D-4158-A4E3-8AE25F308AB3}.Release|Any CPU.Build.0 = Release|Any CPU
	EndGlobalSection
	GlobalSection(SolutionProperties) = preSolution
		HideSolutionNode = FALSE
	EndGlobalSection
	GlobalSection(ExtensibilityGlobals) = postSolution
		SolutionGuid = {54D9F6CA-09D9-421E-A17F-8A823E4A81E0}
	EndGlobalSection
EndGlobal
